
Microsoft Visual Studio Solution File, Format Version 12.00
# Visual Studio Version 16
VisualStudioVersion = 16.0.30204.135
MinimumVisualStudioVersion = 15.0.26124.0
Project("{9A19103F-16F7-4668-BE54-9A1E7A4F7556}") = "DotNetExpat.Bindings", "DotNetExpat.Bindings\DotNetExpat.Bindings.csproj", "{3CA8D844-F82D-4861-8AD4-14835C3288D8}"
EndProject
Project("{FAE04EC0-301F-11D3-BF4B-00C04F79EFBC}") = "DotNetExpat.Bindings.Test", "DotNetExpat.Bindings.Test\DotNetExpat.Bindings.Test.csproj", "{3840BEC6-F45F-4A31-B351-A0DE7B3B4CDA}"
EndProject
Global
	GlobalSection(SolutionConfigurationPlatforms) = preSolution
		Debug|Any CPU = Debug|Any CPU
		Debug|x64 = Debug|x64
		Debug|x86 = Debug|x86
		Release|Any CPU = Release|Any CPU
		Release|x64 = Release|x64
		Release|x86 = Release|x86
	EndGlobalSection
	GlobalSection(ProjectConfigurationPlatforms) = postSolution
		{3CA8D844-F82D-4861-8AD4-14835C3288D8}.Debug|Any CPU.ActiveCfg = Debug|Any CPU
		{3CA8D844-F82D-4861-8AD4-14835C3288D8}.Debug|Any CPU.Build.0 = Debug|Any CPU
		{3CA8D844-F82D-4861-8AD4-14835C3288D8}.Debug|x64.ActiveCfg = Debug|Any CPU
		{3CA8D844-F82D-4861-8AD4-14835C3288D8}.Debug|x64.Build.0 = Debug|Any CPU
		{3CA8D844-F82D-4861-8AD4-14835C3288D8}.Debug|x86.ActiveCfg = Debug|Any CPU
		{3CA8D844-F82D-4861-8AD4-14835C3288D8}.Debug|x86.Build.0 = Debug|Any CPU
		{3CA8D844-F82D-4861-8AD4-14835C3288D8}.Release|Any CPU.ActiveCfg = Release|Any CPU
		{3CA8D844-F82D-4861-8AD4-14835C3288D8}.Release|Any CPU.Build.0 = Release|Any CPU
		{3CA8D844-F82D-4861-8AD4-14835C3288D8}.Release|x64.ActiveCfg = Release|Any CPU
		{3CA8D844-F82D-4861-8AD4-14835C3288D8}.Release|x64.Build.0 = Release|Any CPU
		{3CA8D844-F82D-4861-8AD4-14835C3288D8}.Release|x86.ActiveCfg = Release|Any CPU
		{3CA8D844-F82D-4861-8AD4-14835C3288D8}.Release|x86.Build.0 = Release|Any CPU
		{3840BEC6-F45F-4A31-B351-A0DE7B3B4CDA}.Debug|Any CPU.ActiveCfg = Debug|Any CPU
		{3840BEC6-F45F-4A31-B351-A0DE7B3B4CDA}.Debug|Any CPU.Build.0 = Debug|Any CPU
		{3840BEC6-F45F-4A31-B351-A0DE7B3B4CDA}.Debug|x64.ActiveCfg = Debug|Any CPU
		{3840BEC6-F45F-4A31-B351-A0DE7B3B4CDA}.Debug|x64.Build.0 = Debug|Any CPU
		{3840BEC6-F45F-4A31-B351-A0DE7B3B4CDA}.Debug|x86.ActiveCfg = Debug|Any CPU
		{3840BEC6-F45F-4A31-B351-A0DE7B3B4CDA}.Debug|x86.Build.0 = Debug|Any CPU
		{3840BEC6-F45F-4A31-B351-A0DE7B3B4CDA}.Release|Any CPU.ActiveCfg = Release|Any CPU
		{3840BEC6-F45F-4A31-B351-A0DE7B3B4CDA}.Release|Any CPU.Build.0 = Release|Any CPU
		{3840BEC6-F45F-4A31-B351-A0DE7B3B4CDA}.Release|x64.ActiveCfg = Release|Any CPU
		{3840BEC6-F45F-4A31-B351-A0DE7B3B4CDA}.Release|x64.Build.0 = Release|Any CPU
		{3840BEC6-F45F-4A31-B351-A0DE7B3B4CDA}.Release|x86.ActiveCfg = Release|Any CPU
		{3840BEC6-F45F-4A31-B351-A0DE7B3B4CDA}.Release|x86.Build.0 = Release|Any CPU
	EndGlobalSection
	GlobalSection(SolutionProperties) = preSolution
		HideSolutionNode = FALSE
	EndGlobalSection
	GlobalSection(ExtensibilityGlobals) = postSolution
		SolutionGuid = {591279EC-D849-4935-BA31-C437B014DECE}
	EndGlobalSection
EndGlobal
